{
    "_readme": [
        "This file locks the dependencies of your project to a known state",
        "Read more about it at https://getcomposer.org/doc/01-basic-usage.md#installing-dependencies",
        "This file is @generated automatically"
    ],
    "content-hash": "41c9b065061fce11dab1fcb0ce0e00af",
    "packages": [
        {
            "name": "sunnysideup/php_2_command_line",
            "version": "dev-master",
            "source": {
                "type": "git",
                "url": "https://github.com/sunnysideup/silverstripe-php_2_command_line.git",
                "reference": "b5b16a5bc0546f9d97f7c643ae9eaeada2818909"
            },
            "dist": {
                "type": "zip",
                "url": "https://api.github.com/repos/sunnysideup/silverstripe-php_2_command_line/zipball/b5b16a5bc0546f9d97f7c643ae9eaeada2818909",
                "reference": "b5b16a5bc0546f9d97f7c643ae9eaeada2818909",
                "shasum": ""
            },
            "default-branch": true,
            "type": "library",
            "autoload": {
                "psr-4": {
                    "Sunnysideup\\PHP2CommandLine\\": "src/"
                }
            },
            "notification-url": "https://packagist.org/downloads/",
            "license": [
                "BSD-3-Clause"
            ],
            "authors": [
                {
                    "name": "Nicolaas Francken",
                    "email": "modules@sunnysideup.co.nz",
                    "role": "lead developer"
                }
            ],
            "description": "Runs a bash script using PHP",
            "keywords": [
                "bash",
                "cli",
                "command line",
                "php",
                "script"
            ],
            "support": {
                "issues": "https://github.com/sunnysideup/silverstripe-php_2_command_line/issues",
                "source": "https://github.com/sunnysideup/silverstripe-php_2_command_line/tree/master"
            },
            "time": "2021-10-24T01:12:30+00:00"
        }
    ],
    "packages-dev": [],
    "aliases": [],
    "minimum-stability": "dev",
    "stability-flags": {
        "sunnysideup/php_2_command_line": 20
    },
    "prefer-stable": false,
    "prefer-lowest": false,
    "platform": [],
    "platform-dev": [],
    "plugin-api-version": "2.6.0"
}
